{
    "_readme": [
        "This file locks the dependencies of your project to a known state",
        "Read more about it at https://getcomposer.org/doc/01-basic-usage.md#installing-dependencies",
        "This file is @generated automatically"
    ],
    "content-hash": "d4c1e3ae5c44eb645e8ada060596abc1",
    "packages": [
        {
            "name": "simple/simple-php",
            "version": "0.0.1",
            "dist": {
                "type": "path",
                "url": "../simple-php",
                "reference": "ae036ca293e7e6d3da025ac16b547ab67cc2fe53"
            },
            "type": "library",
            "autoload": {
                "psr-4": {
                    "Simple\\": "src/"
                }
            },
            "transport-options": {
                "relative": true
            }
        }
    ],
    "packages-dev": [],
    "aliases": [],
    "minimum-stability": "stable",
    "stability-flags": [],
    "prefer-stable": false,
    "prefer-lowest": false,
    "platform": [],
    "platform-dev": [],
    "plugin-api-version": "1.1.0"
}
